
Microsoft Visual Studio Solution File, Format Version 12.00
# Visual Studio Version 16
VisualStudioVersion = 16.0.31727.386
MinimumVisualStudioVersion = 10.0.40219.1
Project("{2150E333-8FDC-42A3-9474-1A3956D46DE8}") = "Services", "Services", "{67FB3072-05ED-4754-AAA0-1133EADC47A6}"
EndProject
Project("{2150E333-8FDC-42A3-9474-1A3956D46DE8}") = "Catalog", "Catalog", "{CFD6C291-71DE-4D3C-860B-10E6EE63A5C9}"
EndProject
Project("{9A19103F-16F7-4668-BE54-9A1E7A4F7556}") = "Catalog.API", "Services\Catalog\Catalog.API\Catalog.API.csproj", "{0718395D-C67B-4D05-87C5-8275BDF9D189}"
EndProject
Project("{E53339B2-1760-4266-BCC7-CA923CBCF16C}") = "docker-compose", "docker-compose.dcproj", "{58FFA06D-C0C6-4B21-BC1A-7B74C8F71EAB}"
EndProject
Project("{2150E333-8FDC-42A3-9474-1A3956D46DE8}") = "Basket", "Basket", "{9DCE8089-E806-4E2E-BA63-815D4A4D6459}"
EndProject
Project("{9A19103F-16F7-4668-BE54-9A1E7A4F7556}") = "Basket.API", "Services\Basket\Basket.API\Basket.API.csproj", "{47120BDB-542D-460E-AE69-535F99AA8788}"
EndProject
Project("{2150E333-8FDC-42A3-9474-1A3956D46DE8}") = "Discount", "Discount", "{A7710D35-9E10-4030-9E21-9CDBDDE824C0}"
EndProject
Project("{FAE04EC0-301F-11D3-BF4B-00C04F79EFBC}") = "Discount.API", "Services\Discount\Disdount.API\Discount.API.csproj", "{E7C41767-9D94-417B-8BCB-BBC5482AE22B}"
EndProject
Global
	GlobalSection(SolutionConfigurationPlatforms) = preSolution
		Debug|Any CPU = Debug|Any CPU
		Release|Any CPU = Release|Any CPU
	EndGlobalSection
	GlobalSection(ProjectConfigurationPlatforms) = postSolution
		{0718395D-C67B-4D05-87C5-8275BDF9D189}.Debug|Any CPU.ActiveCfg = Debug|Any CPU
		{0718395D-C67B-4D05-87C5-8275BDF9D189}.Debug|Any CPU.Build.0 = Debug|Any CPU
		{0718395D-C67B-4D05-87C5-8275BDF9D189}.Release|Any CPU.ActiveCfg = Release|Any CPU
		{0718395D-C67B-4D05-87C5-8275BDF9D189}.Release|Any CPU.Build.0 = Release|Any CPU
		{58FFA06D-C0C6-4B21-BC1A-7B74C8F71EAB}.Debug|Any CPU.ActiveCfg = Debug|Any CPU
		{58FFA06D-C0C6-4B21-BC1A-7B74C8F71EAB}.Debug|Any CPU.Build.0 = Debug|Any CPU
		{58FFA06D-C0C6-4B21-BC1A-7B74C8F71EAB}.Release|Any CPU.ActiveCfg = Release|Any CPU
		{58FFA06D-C0C6-4B21-BC1A-7B74C8F71EAB}.Release|Any CPU.Build.0 = Release|Any CPU
		{47120BDB-542D-460E-AE69-535F99AA8788}.Debug|Any CPU.ActiveCfg = Debug|Any CPU
		{47120BDB-542D-460E-AE69-535F99AA8788}.Debug|Any CPU.Build.0 = Debug|Any CPU
		{47120BDB-542D-460E-AE69-535F99AA8788}.Release|Any CPU.ActiveCfg = Release|Any CPU
		{47120BDB-542D-460E-AE69-535F99AA8788}.Release|Any CPU.Build.0 = Release|Any CPU
		{E7C41767-9D94-417B-8BCB-BBC5482AE22B}.Debug|Any CPU.ActiveCfg = Debug|Any CPU
		{E7C41767-9D94-417B-8BCB-BBC5482AE22B}.Debug|Any CPU.Build.0 = Debug|Any CPU
		{E7C41767-9D94-417B-8BCB-BBC5482AE22B}.Release|Any CPU.ActiveCfg = Release|Any CPU
		{E7C41767-9D94-417B-8BCB-BBC5482AE22B}.Release|Any CPU.Build.0 = Release|Any CPU
	EndGlobalSection
	GlobalSection(SolutionProperties) = preSolution
		HideSolutionNode = FALSE
	EndGlobalSection
	GlobalSection(NestedProjects) = preSolution
		{CFD6C291-71DE-4D3C-860B-10E6EE63A5C9} = {67FB3072-05ED-4754-AAA0-1133EADC47A6}
		{0718395D-C67B-4D05-87C5-8275BDF9D189} = {CFD6C291-71DE-4D3C-860B-10E6EE63A5C9}
		{9DCE8089-E806-4E2E-BA63-815D4A4D6459} = {67FB3072-05ED-4754-AAA0-1133EADC47A6}
		{47120BDB-542D-460E-AE69-535F99AA8788} = {9DCE8089-E806-4E2E-BA63-815D4A4D6459}
		{A7710D35-9E10-4030-9E21-9CDBDDE824C0} = {67FB3072-05ED-4754-AAA0-1133EADC47A6}
		{E7C41767-9D94-417B-8BCB-BBC5482AE22B} = {A7710D35-9E10-4030-9E21-9CDBDDE824C0}
	EndGlobalSection
	GlobalSection(ExtensibilityGlobals) = postSolution
		SolutionGuid = {3D9B120F-DCCF-4712-AEC3-9FB4039F1A56}
	EndGlobalSection
EndGlobal
